
Microsoft Visual Studio Solution File, Format Version 12.00
# Visual Studio Version 17
VisualStudioVersion = 17.5.33627.172
MinimumVisualStudioVersion = 10.0.40219.1
Project("{FAE04EC0-301F-11D3-BF4B-00C04F79EFBC}") = "CentralDeUsuarios.Services.Api", "CentralDeUsuarios.Services.Api\CentralDeUsuarios.Services.Api.csproj", "{E6E0DB9A-AD0B-4965-B212-CC994D43514E}"
EndProject
Global
	GlobalSection(SolutionConfigurationPlatforms) = preSolution
		Debug|Any CPU = Debug|Any CPU
		Release|Any CPU = Release|Any CPU
	EndGlobalSection
	GlobalSection(ProjectConfigurationPlatforms) = postSolution
		{E6E0DB9A-AD0B-4965-B212-CC994D43514E}.Debug|Any CPU.ActiveCfg = Debug|Any CPU
		{E6E0DB9A-AD0B-4965-B212-CC994D43514E}.Debug|Any CPU.Build.0 = Debug|Any CPU
		{E6E0DB9A-AD0B-4965-B212-CC994D43514E}.Release|Any CPU.ActiveCfg = Release|Any CPU
		{E6E0DB9A-AD0B-4965-B212-CC994D43514E}.Release|Any CPU.Build.0 = Release|Any CPU
	EndGlobalSection
	GlobalSection(SolutionProperties) = preSolution
		HideSolutionNode = FALSE
	EndGlobalSection
	GlobalSection(ExtensibilityGlobals) = postSolution
		SolutionGuid = {670E90EA-B437-4644-B7B7-A178630E1DAE}
	EndGlobalSection
EndGlobal
